
Microsoft Visual Studio Solution File, Format Version 12.00
# Visual Studio Version 17
VisualStudioVersion = 17.3.32922.545
MinimumVisualStudioVersion = 10.0.40219.1
Project("{2150E333-8FDC-42A3-9474-1A3956D46DE8}") = "src", "src", "{37817D12-C860-4FB5-AFB9-4CE60FC6F697}"
EndProject
Project("{9A19103F-16F7-4668-BE54-9A1E7A4F7556}") = "Blazor.Heroicons", "src\Blazor.Heroicons\Blazor.Heroicons.csproj", "{387C4A8A-3869-4EAF-BDD3-9D44F345A977}"
EndProject
Project("{2150E333-8FDC-42A3-9474-1A3956D46DE8}") = "tests", "tests", "{3E41A27C-AD1B-48D3-9FA2-6D4715A51D61}"
EndProject
Project("{9A19103F-16F7-4668-BE54-9A1E7A4F7556}") = "Blazor.Heroicons.Tests", "tests\Blazor.Heroicons.Tests\Blazor.Heroicons.Tests.csproj", "{08894048-7D6A-43FC-A3D0-E28AC950BEF3}"
EndProject
Project("{2150E333-8FDC-42A3-9474-1A3956D46DE8}") = "Solution Items", "Solution Items", "{0B5BB6E7-0A47-4C70-A204-EFFD16C8760C}"
	ProjectSection(SolutionItems) = preProject
		.gitignore = .gitignore
		LICENSE = LICENSE
		README.md = README.md
	EndProjectSection
EndProject
Project("{FAE04EC0-301F-11D3-BF4B-00C04F79EFBC}") = "HeroiconsGenerator", "src\HeroiconsGenerator\HeroiconsGenerator.csproj", "{A1B2C3D4-E5F6-7890-ABCD-EF1234567890}"
EndProject
Project("{2150E333-8FDC-42A3-9474-1A3956D46DE8}") = ".github", ".github", "{3B582B10-25F2-44C6-867E-7EDC706ADEBC}"
	ProjectSection(SolutionItems) = preProject
		.github\dependabot.yml = .github\dependabot.yml
	EndProjectSection
EndProject
Project("{2150E333-8FDC-42A3-9474-1A3956D46DE8}") = "workflows", "workflows", "{C33294FD-764A-44A6-B8C9-6F000E014F1A}"
	ProjectSection(SolutionItems) = preProject
		.github\workflows\dotnet.yml = .github\workflows\dotnet.yml
		.github\workflows\heroicons.yml = .github\workflows\heroicons.yml
		.github\workflows\publish.yml = .github\workflows\publish.yml
		.github\workflows\azure-static-web-apps-witty-island-056b98c10.yml = .github\workflows\azure-static-web-apps-witty-island-056b98c10.yml
	EndProjectSection
EndProject
Project("{FAE04EC0-301F-11D3-BF4B-00C04F79EFBC}") = "HeroiconsGenerator.Tests", "tests\HeroiconsGenerator.Tests\HeroiconsGenerator.Tests.csproj", "{F9BBD23B-916A-4CB3-B2C9-0ED4FC479295}"
EndProject
Project("{FAE04EC0-301F-11D3-BF4B-00C04F79EFBC}") = "DemoWebApp", "src\DemoWebApp\DemoWebApp.csproj", "{5983FD95-D657-4EA1-B2E1-7910B9B3D906}"
EndProject
Global
	GlobalSection(SolutionConfigurationPlatforms) = preSolution
		Debug|Any CPU = Debug|Any CPU
		Debug|x64 = Debug|x64
		Debug|x86 = Debug|x86
		Release|Any CPU = Release|Any CPU
		Release|x64 = Release|x64
		Release|x86 = Release|x86
	EndGlobalSection
	GlobalSection(ProjectConfigurationPlatforms) = postSolution
		{387C4A8A-3869-4EAF-BDD3-9D44F345A977}.Debug|Any CPU.ActiveCfg = Debug|Any CPU
		{387C4A8A-3869-4EAF-BDD3-9D44F345A977}.Debug|Any CPU.Build.0 = Debug|Any CPU
		{387C4A8A-3869-4EAF-BDD3-9D44F345A977}.Debug|x64.ActiveCfg = Debug|Any CPU
		{387C4A8A-3869-4EAF-BDD3-9D44F345A977}.Debug|x64.Build.0 = Debug|Any CPU
		{387C4A8A-3869-4EAF-BDD3-9D44F345A977}.Debug|x86.ActiveCfg = Debug|Any CPU
		{387C4A8A-3869-4EAF-BDD3-9D44F345A977}.Debug|x86.Build.0 = Debug|Any CPU
		{387C4A8A-3869-4EAF-BDD3-9D44F345A977}.Release|Any CPU.ActiveCfg = Release|Any CPU
		{387C4A8A-3869-4EAF-BDD3-9D44F345A977}.Release|Any CPU.Build.0 = Release|Any CPU
		{387C4A8A-3869-4EAF-BDD3-9D44F345A977}.Release|x64.ActiveCfg = Release|Any CPU
		{387C4A8A-3869-4EAF-BDD3-9D44F345A977}.Release|x64.Build.0 = Release|Any CPU
		{387C4A8A-3869-4EAF-BDD3-9D44F345A977}.Release|x86.ActiveCfg = Release|Any CPU
		{387C4A8A-3869-4EAF-BDD3-9D44F345A977}.Release|x86.Build.0 = Release|Any CPU
		{08894048-7D6A-43FC-A3D0-E28AC950BEF3}.Debug|Any CPU.ActiveCfg = Debug|Any CPU
		{08894048-7D6A-43FC-A3D0-E28AC950BEF3}.Debug|Any CPU.Build.0 = Debug|Any CPU
		{08894048-7D6A-43FC-A3D0-E28AC950BEF3}.Debug|x64.ActiveCfg = Debug|Any CPU
		{08894048-7D6A-43FC-A3D0-E28AC950BEF3}.Debug|x64.Build.0 = Debug|Any CPU
		{08894048-7D6A-43FC-A3D0-E28AC950BEF3}.Debug|x86.ActiveCfg = Debug|Any CPU
		{08894048-7D6A-43FC-A3D0-E28AC950BEF3}.Debug|x86.Build.0 = Debug|Any CPU
		{08894048-7D6A-43FC-A3D0-E28AC950BEF3}.Release|Any CPU.ActiveCfg = Release|Any CPU
		{08894048-7D6A-43FC-A3D0-E28AC950BEF3}.Release|Any CPU.Build.0 = Release|Any CPU
		{08894048-7D6A-43FC-A3D0-E28AC950BEF3}.Release|x64.ActiveCfg = Release|Any CPU
		{08894048-7D6A-43FC-A3D0-E28AC950BEF3}.Release|x64.Build.0 = Release|Any CPU
		{08894048-7D6A-43FC-A3D0-E28AC950BEF3}.Release|x86.ActiveCfg = Release|Any CPU
		{08894048-7D6A-43FC-A3D0-E28AC950BEF3}.Release|x86.Build.0 = Release|Any CPU
		{A1B2C3D4-E5F6-7890-ABCD-EF1234567890}.Debug|Any CPU.ActiveCfg = Debug|Any CPU
		{A1B2C3D4-E5F6-7890-ABCD-EF1234567890}.Debug|Any CPU.Build.0 = Debug|Any CPU
		{A1B2C3D4-E5F6-7890-ABCD-EF1234567890}.Debug|x64.ActiveCfg = Debug|Any CPU
		{A1B2C3D4-E5F6-7890-ABCD-EF1234567890}.Debug|x64.Build.0 = Debug|Any CPU
		{A1B2C3D4-E5F6-7890-ABCD-EF1234567890}.Debug|x86.ActiveCfg = Debug|Any CPU
		{A1B2C3D4-E5F6-7890-ABCD-EF1234567890}.Debug|x86.Build.0 = Debug|Any CPU
		{A1B2C3D4-E5F6-7890-ABCD-EF1234567890}.Release|Any CPU.ActiveCfg = Release|Any CPU
		{A1B2C3D4-E5F6-7890-ABCD-EF1234567890}.Release|Any CPU.Build.0 = Release|Any CPU
		{A1B2C3D4-E5F6-7890-ABCD-EF1234567890}.Release|x64.ActiveCfg = Release|Any CPU
		{A1B2C3D4-E5F6-7890-ABCD-EF1234567890}.Release|x64.Build.0 = Release|Any CPU
		{A1B2C3D4-E5F6-7890-ABCD-EF1234567890}.Release|x86.ActiveCfg = Release|Any CPU
		{A1B2C3D4-E5F6-7890-ABCD-EF1234567890}.Release|x86.Build.0 = Release|Any CPU
		{F9BBD23B-916A-4CB3-B2C9-0ED4FC479295}.Debug|Any CPU.ActiveCfg = Debug|Any CPU
		{F9BBD23B-916A-4CB3-B2C9-0ED4FC479295}.Debug|Any CPU.Build.0 = Debug|Any CPU
		{F9BBD23B-916A-4CB3-B2C9-0ED4FC479295}.Debug|x64.ActiveCfg = Debug|Any CPU
		{F9BBD23B-916A-4CB3-B2C9-0ED4FC479295}.Debug|x64.Build.0 = Debug|Any CPU
		{F9BBD23B-916A-4CB3-B2C9-0ED4FC479295}.Debug|x86.ActiveCfg = Debug|Any CPU
		{F9BBD23B-916A-4CB3-B2C9-0ED4FC479295}.Debug|x86.Build.0 = Debug|Any CPU
		{F9BBD23B-916A-4CB3-B2C9-0ED4FC479295}.Release|Any CPU.ActiveCfg = Release|Any CPU
		{F9BBD23B-916A-4CB3-B2C9-0ED4FC479295}.Release|Any CPU.Build.0 = Release|Any CPU
		{F9BBD23B-916A-4CB3-B2C9-0ED4FC479295}.Release|x64.ActiveCfg = Release|Any CPU
		{F9BBD23B-916A-4CB3-B2C9-0ED4FC479295}.Release|x64.Build.0 = Release|Any CPU
		{F9BBD23B-916A-4CB3-B2C9-0ED4FC479295}.Release|x86.ActiveCfg = Release|Any CPU
		{F9BBD23B-916A-4CB3-B2C9-0ED4FC479295}.Release|x86.Build.0 = Release|Any CPU
		{5983FD95-D657-4EA1-B2E1-7910B9B3D906}.Debug|Any CPU.ActiveCfg = Debug|Any CPU
		{5983FD95-D657-4EA1-B2E1-7910B9B3D906}.Debug|Any CPU.Build.0 = Debug|Any CPU
		{5983FD95-D657-4EA1-B2E1-7910B9B3D906}.Debug|x64.ActiveCfg = Debug|Any CPU
		{5983FD95-D657-4EA1-B2E1-7910B9B3D906}.Debug|x64.Build.0 = Debug|Any CPU
		{5983FD95-D657-4EA1-B2E1-7910B9B3D906}.Debug|x86.ActiveCfg = Debug|Any CPU
		{5983FD95-D657-4EA1-B2E1-7910B9B3D906}.Debug|x86.Build.0 = Debug|Any CPU
		{5983FD95-D657-4EA1-B2E1-7910B9B3D906}.Release|Any CPU.ActiveCfg = Release|Any CPU
		{5983FD95-D657-4EA1-B2E1-7910B9B3D906}.Release|Any CPU.Build.0 = Release|Any CPU
		{5983FD95-D657-4EA1-B2E1-7910B9B3D906}.Release|x64.ActiveCfg = Release|Any CPU
		{5983FD95-D657-4EA1-B2E1-7910B9B3D906}.Release|x64.Build.0 = Release|Any CPU
		{5983FD95-D657-4EA1-B2E1-7910B9B3D906}.Release|x86.ActiveCfg = Release|Any CPU
		{5983FD95-D657-4EA1-B2E1-7910B9B3D906}.Release|x86.Build.0 = Release|Any CPU
	EndGlobalSection
	GlobalSection(SolutionProperties) = preSolution
		HideSolutionNode = FALSE
	EndGlobalSection
	GlobalSection(NestedProjects) = preSolution
		{387C4A8A-3869-4EAF-BDD3-9D44F345A977} = {37817D12-C860-4FB5-AFB9-4CE60FC6F697}
		{08894048-7D6A-43FC-A3D0-E28AC950BEF3} = {3E41A27C-AD1B-48D3-9FA2-6D4715A51D61}
		{A1B2C3D4-E5F6-7890-ABCD-EF1234567890} = {37817D12-C860-4FB5-AFB9-4CE60FC6F697}
		{C33294FD-764A-44A6-B8C9-6F000E014F1A} = {3B582B10-25F2-44C6-867E-7EDC706ADEBC}
		{F9BBD23B-916A-4CB3-B2C9-0ED4FC479295} = {3E41A27C-AD1B-48D3-9FA2-6D4715A51D61}
		{5983FD95-D657-4EA1-B2E1-7910B9B3D906} = {37817D12-C860-4FB5-AFB9-4CE60FC6F697}
	EndGlobalSection
	GlobalSection(ExtensibilityGlobals) = postSolution
		SolutionGuid = {B74841EF-3D87-414A-9DBC-99C25771CC5D}
	EndGlobalSection
EndGlobal
