
Microsoft Visual Studio Solution File, Format Version 12.00
# Visual Studio Version 17
VisualStudioVersion = 17.3.32922.545
MinimumVisualStudioVersion = 10.0.40219.1
Project("{2150E333-8FDC-42A3-9474-1A3956D46DE8}") = "src", "src", "{37817D12-C860-4FB5-AFB9-4CE60FC6F697}"
EndProject
Project("{9A19103F-16F7-4668-BE54-9A1E7A4F7556}") = "Blazor.Heroicons", "src\Blazor.Heroicons\Blazor.Heroicons.csproj", "{387C4A8A-3869-4EAF-BDD3-9D44F345A977}"
EndProject
Project("{2150E333-8FDC-42A3-9474-1A3956D46DE8}") = "tests", "tests", "{3E41A27C-AD1B-48D3-9FA2-6D4715A51D61}"
EndProject
Project("{9A19103F-16F7-4668-BE54-9A1E7A4F7556}") = "Blazor.Heroicons.Tests", "tests\Blazor.Heroicons.Tests\Blazor.Heroicons.Tests.csproj", "{08894048-7D6A-43FC-A3D0-E28AC950BEF3}"
EndProject
Project("{2150E333-8FDC-42A3-9474-1A3956D46DE8}") = "Solution Items", "Solution Items", "{0B5BB6E7-0A47-4C70-A204-EFFD16C8760C}"
	ProjectSection(SolutionItems) = preProject
		.gitignore = .gitignore
		LICENSE = LICENSE
		README.md = README.md
	EndProjectSection
EndProject
Project("{2150E333-8FDC-42A3-9474-1A3956D46DE8}") = "scripts", "scripts", "{C74938D5-541E-4B37-8543-A757CABADB32}"
	ProjectSection(SolutionItems) = preProject
		scripts\get-latest-heroicons.py = scripts\get-latest-heroicons.py
	EndProjectSection
EndProject
Project("{2150E333-8FDC-42A3-9474-1A3956D46DE8}") = ".github", ".github", "{3B582B10-25F2-44C6-867E-7EDC706ADEBC}"
	ProjectSection(SolutionItems) = preProject
		.github\dependabot.yml = .github\dependabot.yml
	EndProjectSection
EndProject
Project("{2150E333-8FDC-42A3-9474-1A3956D46DE8}") = "workflows", "workflows", "{C33294FD-764A-44A6-B8C9-6F000E014F1A}"
	ProjectSection(SolutionItems) = preProject
		.github\workflows\dotnet.yml = .github\workflows\dotnet.yml
		.github\workflows\heroicons.yml = .github\workflows\heroicons.yml
		.github\workflows\publish.yml = .github\workflows\publish.yml
	EndProjectSection
EndProject
Project("{FAE04EC0-301F-11D3-BF4B-00C04F79EFBC}") = "DemoWebApp", "src\DemoWebApp\DemoWebApp\DemoWebApp.csproj", "{8D03CB49-0B45-426F-9C4B-FFB7DDDED7CD}"
EndProject
Project("{FAE04EC0-301F-11D3-BF4B-00C04F79EFBC}") = "DemoWebApp.Client", "src\DemoWebApp\DemoWebApp.Client\DemoWebApp.Client.csproj", "{D816680A-5446-465C-945E-05BB2A4612D0}"
EndProject
Global
	GlobalSection(SolutionConfigurationPlatforms) = preSolution
		Debug|Any CPU = Debug|Any CPU
		Release|Any CPU = Release|Any CPU
	EndGlobalSection
	GlobalSection(ProjectConfigurationPlatforms) = postSolution
		{387C4A8A-3869-4EAF-BDD3-9D44F345A977}.Debug|Any CPU.ActiveCfg = Debug|Any CPU
		{387C4A8A-3869-4EAF-BDD3-9D44F345A977}.Debug|Any CPU.Build.0 = Debug|Any CPU
		{387C4A8A-3869-4EAF-BDD3-9D44F345A977}.Release|Any CPU.ActiveCfg = Release|Any CPU
		{387C4A8A-3869-4EAF-BDD3-9D44F345A977}.Release|Any CPU.Build.0 = Release|Any CPU
		{08894048-7D6A-43FC-A3D0-E28AC950BEF3}.Debug|Any CPU.ActiveCfg = Debug|Any CPU
		{08894048-7D6A-43FC-A3D0-E28AC950BEF3}.Debug|Any CPU.Build.0 = Debug|Any CPU
		{08894048-7D6A-43FC-A3D0-E28AC950BEF3}.Release|Any CPU.ActiveCfg = Release|Any CPU
		{08894048-7D6A-43FC-A3D0-E28AC950BEF3}.Release|Any CPU.Build.0 = Release|Any CPU
		{8D03CB49-0B45-426F-9C4B-FFB7DDDED7CD}.Debug|Any CPU.ActiveCfg = Debug|Any CPU
		{8D03CB49-0B45-426F-9C4B-FFB7DDDED7CD}.Debug|Any CPU.Build.0 = Debug|Any CPU
		{8D03CB49-0B45-426F-9C4B-FFB7DDDED7CD}.Release|Any CPU.ActiveCfg = Release|Any CPU
		{8D03CB49-0B45-426F-9C4B-FFB7DDDED7CD}.Release|Any CPU.Build.0 = Release|Any CPU
		{D816680A-5446-465C-945E-05BB2A4612D0}.Debug|Any CPU.ActiveCfg = Debug|Any CPU
		{D816680A-5446-465C-945E-05BB2A4612D0}.Debug|Any CPU.Build.0 = Debug|Any CPU
		{D816680A-5446-465C-945E-05BB2A4612D0}.Release|Any CPU.ActiveCfg = Release|Any CPU
		{D816680A-5446-465C-945E-05BB2A4612D0}.Release|Any CPU.Build.0 = Release|Any CPU
	EndGlobalSection
	GlobalSection(SolutionProperties) = preSolution
		HideSolutionNode = FALSE
	EndGlobalSection
	GlobalSection(NestedProjects) = preSolution
		{387C4A8A-3869-4EAF-BDD3-9D44F345A977} = {37817D12-C860-4FB5-AFB9-4CE60FC6F697}
		{08894048-7D6A-43FC-A3D0-E28AC950BEF3} = {3E41A27C-AD1B-48D3-9FA2-6D4715A51D61}
		{C33294FD-764A-44A6-B8C9-6F000E014F1A} = {3B582B10-25F2-44C6-867E-7EDC706ADEBC}
		{8D03CB49-0B45-426F-9C4B-FFB7DDDED7CD} = {37817D12-C860-4FB5-AFB9-4CE60FC6F697}
		{D816680A-5446-465C-945E-05BB2A4612D0} = {37817D12-C860-4FB5-AFB9-4CE60FC6F697}
	EndGlobalSection
	GlobalSection(ExtensibilityGlobals) = postSolution
		SolutionGuid = {B74841EF-3D87-414A-9DBC-99C25771CC5D}
	EndGlobalSection
EndGlobal
