
Microsoft Visual Studio Solution File, Format Version 12.00
# Visual Studio Version 17
VisualStudioVersion = 17.3.32922.545
MinimumVisualStudioVersion = 10.0.40219.1
Project("{2150E333-8FDC-42A3-9474-1A3956D46DE8}") = "src", "src", "{37817D12-C860-4FB5-AFB9-4CE60FC6F697}"
EndProject
Project("{9A19103F-16F7-4668-BE54-9A1E7A4F7556}") = "Blazor.Heroicons", "src\Blazor.Heroicons\Blazor.Heroicons.csproj", "{387C4A8A-3869-4EAF-BDD3-9D44F345A977}"
EndProject
Project("{9A19103F-16F7-4668-BE54-9A1E7A4F7556}") = "Blazor.Heroicons.Demo", "src\Blazor.Heroicons.Demo\Blazor.Heroicons.Demo.csproj", "{786E4310-B9E9-48C2-A6A1-53C91FC81E57}"
EndProject
Project("{2150E333-8FDC-42A3-9474-1A3956D46DE8}") = "tests", "tests", "{3E41A27C-AD1B-48D3-9FA2-6D4715A51D61}"
EndProject
Project("{9A19103F-16F7-4668-BE54-9A1E7A4F7556}") = "Blazor.Heroicons.Tests", "tests\Blazor.Heroicons.Tests\Blazor.Heroicons.Tests.csproj", "{08894048-7D6A-43FC-A3D0-E28AC950BEF3}"
EndProject
Project("{2150E333-8FDC-42A3-9474-1A3956D46DE8}") = "Solution Items", "Solution Items", "{0B5BB6E7-0A47-4C70-A204-EFFD16C8760C}"
	ProjectSection(SolutionItems) = preProject
		.gitignore = .gitignore
		LICENSE = LICENSE
		README.md = README.md
	EndProjectSection
EndProject
Project("{2150E333-8FDC-42A3-9474-1A3956D46DE8}") = "scripts", "scripts", "{C74938D5-541E-4B37-8543-A757CABADB32}"
	ProjectSection(SolutionItems) = preProject
		scripts\get-latest-heroicons.py = scripts\get-latest-heroicons.py
	EndProjectSection
EndProject
Project("{2150E333-8FDC-42A3-9474-1A3956D46DE8}") = ".github", ".github", "{87561495-4780-401D-A705-09482B378BE4}"
EndProject
Project("{2150E333-8FDC-42A3-9474-1A3956D46DE8}") = "workflows", "workflows", "{C6D64979-5419-4023-B027-13D55345E690}"
	ProjectSection(SolutionItems) = preProject
		.github\workflows\dotnet.yml = .github\workflows\dotnet.yml
	EndProjectSection
EndProject
Global
	GlobalSection(SolutionConfigurationPlatforms) = preSolution
		Debug|Any CPU = Debug|Any CPU
		Release|Any CPU = Release|Any CPU
	EndGlobalSection
	GlobalSection(ProjectConfigurationPlatforms) = postSolution
		{387C4A8A-3869-4EAF-BDD3-9D44F345A977}.Debug|Any CPU.ActiveCfg = Debug|Any CPU
		{387C4A8A-3869-4EAF-BDD3-9D44F345A977}.Debug|Any CPU.Build.0 = Debug|Any CPU
		{387C4A8A-3869-4EAF-BDD3-9D44F345A977}.Release|Any CPU.ActiveCfg = Release|Any CPU
		{387C4A8A-3869-4EAF-BDD3-9D44F345A977}.Release|Any CPU.Build.0 = Release|Any CPU
		{786E4310-B9E9-48C2-A6A1-53C91FC81E57}.Debug|Any CPU.ActiveCfg = Debug|Any CPU
		{786E4310-B9E9-48C2-A6A1-53C91FC81E57}.Debug|Any CPU.Build.0 = Debug|Any CPU
		{786E4310-B9E9-48C2-A6A1-53C91FC81E57}.Release|Any CPU.ActiveCfg = Release|Any CPU
		{786E4310-B9E9-48C2-A6A1-53C91FC81E57}.Release|Any CPU.Build.0 = Release|Any CPU
		{08894048-7D6A-43FC-A3D0-E28AC950BEF3}.Debug|Any CPU.ActiveCfg = Debug|Any CPU
		{08894048-7D6A-43FC-A3D0-E28AC950BEF3}.Debug|Any CPU.Build.0 = Debug|Any CPU
		{08894048-7D6A-43FC-A3D0-E28AC950BEF3}.Release|Any CPU.ActiveCfg = Release|Any CPU
		{08894048-7D6A-43FC-A3D0-E28AC950BEF3}.Release|Any CPU.Build.0 = Release|Any CPU
	EndGlobalSection
	GlobalSection(SolutionProperties) = preSolution
		HideSolutionNode = FALSE
	EndGlobalSection
	GlobalSection(NestedProjects) = preSolution
		{387C4A8A-3869-4EAF-BDD3-9D44F345A977} = {37817D12-C860-4FB5-AFB9-4CE60FC6F697}
		{786E4310-B9E9-48C2-A6A1-53C91FC81E57} = {37817D12-C860-4FB5-AFB9-4CE60FC6F697}
		{08894048-7D6A-43FC-A3D0-E28AC950BEF3} = {3E41A27C-AD1B-48D3-9FA2-6D4715A51D61}
		{87561495-4780-401D-A705-09482B378BE4} = {0B5BB6E7-0A47-4C70-A204-EFFD16C8760C}
		{C6D64979-5419-4023-B027-13D55345E690} = {87561495-4780-401D-A705-09482B378BE4}
	EndGlobalSection
	GlobalSection(ExtensibilityGlobals) = postSolution
		SolutionGuid = {B74841EF-3D87-414A-9DBC-99C25771CC5D}
	EndGlobalSection
EndGlobal
